<?xml version="1.0" encoding="utf-8"?>
<Project ToolsVersion="4.0" xmlns="http://schemas.microsoft.com/developer/msbuild/2003">
  <ItemGroup>
    <Filter Include="Source Files">
      <UniqueIdentifier>{4FC737F1-C7A5-4376-A066-2A32D752A2FF}</UniqueIdentifier>
      <Extensions>cpp;c;cc;cxx;def;odl;idl;hpj;bat;asm;asmx</Extensions>
    </Filter>
    <Filter Include="Header Files">
      <UniqueIdentifier>{93995380-89BD-4b04-88EB-625FBE52EBFB}</UniqueIdentifier>
      <Extensions>h;hh;hpp;hxx;hm;inl;inc;xsd</Extensions>
    </Filter>
    <Filter Include="Resource Files">
      <UniqueIdentifier>{67DA6AB6-F800-4c08-8B7A-83BB121AAD01}</UniqueIdentifier>
      <Extensions>rc;ico;cur;bmp;dlg;rc2;rct;bin;rgs;gif;jpg;jpeg;jpe;resx;tiff;tif;png;wav;mfcribbon-ms</Extensions>
    </Filter>
    <Filter Include="Circular Buffer">
      <UniqueIdentifier>{f1ebade0-5dd1-497b-b67e-f32d8cefa2f6}</UniqueIdentifier>
    </Filter>
    <Filter Include="Circular Buffer\CircHeaders">
      <UniqueIdentifier>{34ffec60-520e-4e0e-8eb7-b7d3dee30d8b}</UniqueIdentifier>
    </Filter>
    <Filter Include="Circular Buffer\CircCpps">
      <UniqueIdentifier>{f7508f21-3573-41b8-a7b6-926740265cc4}</UniqueIdentifier>
    </Filter>
  </ItemGroup>
  <ItemGroup>
    <ClCompile Include="Source.cpp">
      <Filter>Source Files</Filter>
    </ClCompile>
    <ClCompile Include="Source1.cpp">
      <Filter>Source Files</Filter>
    </ClCompile>
    <ClCompile Include="Producer.cpp">
      <Filter>Circular Buffer\CircCpps</Filter>
    </ClCompile>
    <ClCompile Include="CircularBuffer.cpp">
      <Filter>Circular Buffer\CircCpps</Filter>
    </ClCompile>
    <ClCompile Include="Consumer.cpp">
      <Filter>Circular Buffer\CircCpps</Filter>
    </ClCompile>
    <ClCompile Include="Mutex.cpp">
      <Filter>Circular Buffer\CircCpps</Filter>
    </ClCompile>
  </ItemGroup>
  <ItemGroup>
    <ClInclude Include="MayaIncludes.h">
      <Filter>Header Files</Filter>
    </ClInclude>
    <ClInclude Include="HelloWorldCmd.h">
      <Filter>Header Files</Filter>
    </ClInclude>
    <ClInclude Include="MayaHeader.h">
      <Filter>Header Files</Filter>
    </ClInclude>
    <ClInclude Include="CircularBuffer.h">
      <Filter>Circular Buffer\CircHeaders</Filter>
    </ClInclude>
    <ClInclude Include="Consumer.h">
      <Filter>Circular Buffer\CircHeaders</Filter>
    </ClInclude>
    <ClInclude Include="FileMapStructs.h">
      <Filter>Circular Buffer\CircHeaders</Filter>
    </ClInclude>
    <ClInclude Include="Mutex.h">
      <Filter>Circular Buffer\CircHeaders</Filter>
    </ClInclude>
    <ClInclude Include="Producer.h">
      <Filter>Circular Buffer\CircHeaders</Filter>
    </ClInclude>
  </ItemGroup>
</Project>